
Microsoft Visual Studio Solution File, Format Version 12.00
# Visual Studio Version 16
VisualStudioVersion = 16.0.28803.202
MinimumVisualStudioVersion = 10.0.40219.1
Project("{8BC9CEB8-8B4A-11D0-8D11-00A0C91BC942}") = "DynamicArrays", "DynamicArrays\DynamicArrays.vcxproj", "{5A5782DD-AB72-456A-9CED-A5694A513DB3}"
EndProject
Global
	GlobalSection(SolutionConfigurationPlatforms) = preSolution
		Debug|x64 = Debug|x64
		Debug|x86 = Debug|x86
		Release|x64 = Release|x64
		Release|x86 = Release|x86
	EndGlobalSection
	GlobalSection(ProjectConfigurationPlatforms) = postSolution
		{5A5782DD-AB72-456A-9CED-A5694A513DB3}.Debug|x64.ActiveCfg = Debug|x64
		{5A5782DD-AB72-456A-9CED-A5694A513DB3}.Debug|x64.Build.0 = Debug|x64
		{5A5782DD-AB72-456A-9CED-A5694A513DB3}.Debug|x86.ActiveCfg = Debug|Win32
		{5A5782DD-AB72-456A-9CED-A5694A513DB3}.Debug|x86.Build.0 = Debug|Win32
		{5A5782DD-AB72-456A-9CED-A5694A513DB3}.Release|x64.ActiveCfg = Release|x64
		{5A5782DD-AB72-456A-9CED-A5694A513DB3}.Release|x64.Build.0 = Release|x64
		{5A5782DD-AB72-456A-9CED-A5694A513DB3}.Release|x86.ActiveCfg = Release|Win32
		{5A5782DD-AB72-456A-9CED-A5694A513DB3}.Release|x86.Build.0 = Release|Win32
	EndGlobalSection
	GlobalSection(SolutionProperties) = preSolution
		HideSolutionNode = FALSE
	EndGlobalSection
	GlobalSection(ExtensibilityGlobals) = postSolution
		SolutionGuid = {D3465DE9-B42D-4002-8F57-EEBE63A53806}
	EndGlobalSection
EndGlobal
