
Microsoft Visual Studio Solution File, Format Version 12.00
# Visual Studio Version 16
VisualStudioVersion = 16.0.28803.202
MinimumVisualStudioVersion = 10.0.40219.1
Project("{8BC9CEB8-8B4A-11D0-8D11-00A0C91BC942}") = "Project1", "Project1\Project1.vcxproj", "{29BC254B-96BA-47C2-8F72-5C3BA83EB475}"
EndProject
Global
	GlobalSection(SolutionConfigurationPlatforms) = preSolution
		Debug|x64 = Debug|x64
		Debug|x86 = Debug|x86
		Release|x64 = Release|x64
		Release|x86 = Release|x86
	EndGlobalSection
	GlobalSection(ProjectConfigurationPlatforms) = postSolution
		{29BC254B-96BA-47C2-8F72-5C3BA83EB475}.Debug|x64.ActiveCfg = Debug|x64
		{29BC254B-96BA-47C2-8F72-5C3BA83EB475}.Debug|x64.Build.0 = Debug|x64
		{29BC254B-96BA-47C2-8F72-5C3BA83EB475}.Debug|x86.ActiveCfg = Debug|Win32
		{29BC254B-96BA-47C2-8F72-5C3BA83EB475}.Debug|x86.Build.0 = Debug|Win32
		{29BC254B-96BA-47C2-8F72-5C3BA83EB475}.Release|x64.ActiveCfg = Release|x64
		{29BC254B-96BA-47C2-8F72-5C3BA83EB475}.Release|x64.Build.0 = Release|x64
		{29BC254B-96BA-47C2-8F72-5C3BA83EB475}.Release|x86.ActiveCfg = Release|Win32
		{29BC254B-96BA-47C2-8F72-5C3BA83EB475}.Release|x86.Build.0 = Release|Win32
	EndGlobalSection
	GlobalSection(SolutionProperties) = preSolution
		HideSolutionNode = FALSE
	EndGlobalSection
	GlobalSection(ExtensibilityGlobals) = postSolution
		SolutionGuid = {7C8B9B44-9A42-4093-A69A-3A59CAE301EF}
	EndGlobalSection
EndGlobal
