
Microsoft Visual Studio Solution File, Format Version 12.00
# Visual Studio Version 16
VisualStudioVersion = 16.0.30503.244
MinimumVisualStudioVersion = 10.0.40219.1
Project("{8BC9CEB8-8B4A-11D0-8D11-00A0C91BC942}") = "a,b,c", "a,b,c\a,b,c.vcxproj", "{9D8571E4-B050-4722-B078-3DE117446F85}"
EndProject
Project("{8BC9CEB8-8B4A-11D0-8D11-00A0C91BC942}") = "Project2", "..\Project2\Project2\Project2.vcxproj", "{F774A22B-80B6-4174-9245-4B7AA08EC665}"
EndProject
Project("{8BC9CEB8-8B4A-11D0-8D11-00A0C91BC942}") = "aim", "..\Project1\Project1\Project1.vcxproj", "{F3CFF26F-250C-478C-AD63-1A135FA02358}"
EndProject
Project("{8BC9CEB8-8B4A-11D0-8D11-00A0C91BC942}") = "№9", "Circles\Circles.vcxproj", "{87B63F3E-DD2C-446D-B3E4-E41CA638E350}"
EndProject
Project("{8BC9CEB8-8B4A-11D0-8D11-00A0C91BC942}") = "From10to2", "Project3\Project3.vcxproj", "{7B2B8244-F2F3-4C7F-BADC-F5976450540F}"
EndProject
Project("{8BC9CEB8-8B4A-11D0-8D11-00A0C91BC942}") = "№24", "Project4\Project4.vcxproj", "{27FDEBC8-D2E7-4A71-8228-1B4D0F33B5A5}"
EndProject
Project("{8BC9CEB8-8B4A-11D0-8D11-00A0C91BC942}") = "№18(Array)", "№19\№19.vcxproj", "{47D76B20-7111-4219-8E3B-3472BE50BF7D}"
EndProject
Project("{8BC9CEB8-8B4A-11D0-8D11-00A0C91BC942}") = "Array", "Array\Array.vcxproj", "{632FEBDB-0517-4EEB-90A7-B014B8EEE2E2}"
EndProject
Project("{8BC9CEB8-8B4A-11D0-8D11-00A0C91BC942}") = "№27(Array)", "№27(Array)\№27(Array).vcxproj", "{457633D0-4F04-4D9B-A9FE-8A6665599DA2}"
EndProject
Project("{8BC9CEB8-8B4A-11D0-8D11-00A0C91BC942}") = "№33(№1)", "№33\№33.vcxproj", "{5FA08003-6359-4B32-8903-5FC391E2EAC2}"
EndProject
Project("{8BC9CEB8-8B4A-11D0-8D11-00A0C91BC942}") = "Tests", "Tests\Tests.vcxproj", "{9CF15499-C80C-45EE-918A-CFD2AED7FD14}"
EndProject
Project("{8BC9CEB8-8B4A-11D0-8D11-00A0C91BC942}") = "№36(d)", "№36(d)\№36(d).vcxproj", "{0F703F9D-C67D-42F2-B788-1B2FB2AACE8F}"
EndProject
Project("{8BC9CEB8-8B4A-11D0-8D11-00A0C91BC942}") = "Massive", "Massive\Massive.vcxproj", "{AB02B390-167E-4E96-A068-20AB255EA5D9}"
EndProject
Project("{8BC9CEB8-8B4A-11D0-8D11-00A0C91BC942}") = "№33(№2)", "№33(№2)\№33(№2).vcxproj", "{63E4693D-BFBD-41C9-9F42-F8D763066D5E}"
EndProject
Project("{8BC9CEB8-8B4A-11D0-8D11-00A0C91BC942}") = "BubbleSort", "BubbleSort\BubbleSort.vcxproj", "{6B437190-79B5-44F7-8803-FB14CE73AC90}"
EndProject
Project("{8BC9CEB8-8B4A-11D0-8D11-00A0C91BC942}") = "+CSort", "+CSort\+CSort.vcxproj", "{5A265239-BA66-4B10-B0C0-F1F0394646F7}"
EndProject
Project("{8BC9CEB8-8B4A-11D0-8D11-00A0C91BC942}") = "№33(№3)", "№33(№3)\№33(№3).vcxproj", "{8CD71DFE-22C9-4588-A1C1-F6E1CEF81CEB}"
EndProject
Project("{8BC9CEB8-8B4A-11D0-8D11-00A0C91BC942}") = "№8", "№8\№8.vcxproj", "{7348F22D-8F3B-43D0-A66C-5FB04D091330}"
EndProject
Project("{8BC9CEB8-8B4A-11D0-8D11-00A0C91BC942}") = "InsertSort", "InsertSort\InsertSort.vcxproj", "{7AC8AE66-19EC-4798-8999-B6991401A7A2}"
EndProject
Project("{8BC9CEB8-8B4A-11D0-8D11-00A0C91BC942}") = "InsertSort(Blocks)", "InsertSort(Blocks)\InsertSort(Blocks).vcxproj", "{4B4811A5-6052-4D01-959F-03F22B0F359B}"
EndProject
Global
	GlobalSection(SolutionConfigurationPlatforms) = preSolution
		Debug|x64 = Debug|x64
		Debug|x86 = Debug|x86
		Release|x64 = Release|x64
		Release|x86 = Release|x86
	EndGlobalSection
	GlobalSection(ProjectConfigurationPlatforms) = postSolution
		{9D8571E4-B050-4722-B078-3DE117446F85}.Debug|x64.ActiveCfg = Debug|x64
		{9D8571E4-B050-4722-B078-3DE117446F85}.Debug|x64.Build.0 = Debug|x64
		{9D8571E4-B050-4722-B078-3DE117446F85}.Debug|x86.ActiveCfg = Debug|Win32
		{9D8571E4-B050-4722-B078-3DE117446F85}.Debug|x86.Build.0 = Debug|Win32
		{9D8571E4-B050-4722-B078-3DE117446F85}.Release|x64.ActiveCfg = Release|x64
		{9D8571E4-B050-4722-B078-3DE117446F85}.Release|x64.Build.0 = Release|x64
		{9D8571E4-B050-4722-B078-3DE117446F85}.Release|x86.ActiveCfg = Release|Win32
		{9D8571E4-B050-4722-B078-3DE117446F85}.Release|x86.Build.0 = Release|Win32
		{F774A22B-80B6-4174-9245-4B7AA08EC665}.Debug|x64.ActiveCfg = Debug|x64
		{F774A22B-80B6-4174-9245-4B7AA08EC665}.Debug|x64.Build.0 = Debug|x64
		{F774A22B-80B6-4174-9245-4B7AA08EC665}.Debug|x86.ActiveCfg = Debug|Win32
		{F774A22B-80B6-4174-9245-4B7AA08EC665}.Debug|x86.Build.0 = Debug|Win32
		{F774A22B-80B6-4174-9245-4B7AA08EC665}.Release|x64.ActiveCfg = Release|x64
		{F774A22B-80B6-4174-9245-4B7AA08EC665}.Release|x64.Build.0 = Release|x64
		{F774A22B-80B6-4174-9245-4B7AA08EC665}.Release|x86.ActiveCfg = Release|Win32
		{F774A22B-80B6-4174-9245-4B7AA08EC665}.Release|x86.Build.0 = Release|Win32
		{F3CFF26F-250C-478C-AD63-1A135FA02358}.Debug|x64.ActiveCfg = Debug|x64
		{F3CFF26F-250C-478C-AD63-1A135FA02358}.Debug|x64.Build.0 = Debug|x64
		{F3CFF26F-250C-478C-AD63-1A135FA02358}.Debug|x86.ActiveCfg = Debug|Win32
		{F3CFF26F-250C-478C-AD63-1A135FA02358}.Debug|x86.Build.0 = Debug|Win32
		{F3CFF26F-250C-478C-AD63-1A135FA02358}.Release|x64.ActiveCfg = Release|x64
		{F3CFF26F-250C-478C-AD63-1A135FA02358}.Release|x64.Build.0 = Release|x64
		{F3CFF26F-250C-478C-AD63-1A135FA02358}.Release|x86.ActiveCfg = Release|Win32
		{F3CFF26F-250C-478C-AD63-1A135FA02358}.Release|x86.Build.0 = Release|Win32
		{87B63F3E-DD2C-446D-B3E4-E41CA638E350}.Debug|x64.ActiveCfg = Debug|x64
		{87B63F3E-DD2C-446D-B3E4-E41CA638E350}.Debug|x64.Build.0 = Debug|x64
		{87B63F3E-DD2C-446D-B3E4-E41CA638E350}.Debug|x86.ActiveCfg = Debug|Win32
		{87B63F3E-DD2C-446D-B3E4-E41CA638E350}.Debug|x86.Build.0 = Debug|Win32
		{87B63F3E-DD2C-446D-B3E4-E41CA638E350}.Release|x64.ActiveCfg = Release|x64
		{87B63F3E-DD2C-446D-B3E4-E41CA638E350}.Release|x64.Build.0 = Release|x64
		{87B63F3E-DD2C-446D-B3E4-E41CA638E350}.Release|x86.ActiveCfg = Release|Win32
		{87B63F3E-DD2C-446D-B3E4-E41CA638E350}.Release|x86.Build.0 = Release|Win32
		{7B2B8244-F2F3-4C7F-BADC-F5976450540F}.Debug|x64.ActiveCfg = Debug|x64
		{7B2B8244-F2F3-4C7F-BADC-F5976450540F}.Debug|x64.Build.0 = Debug|x64
		{7B2B8244-F2F3-4C7F-BADC-F5976450540F}.Debug|x86.ActiveCfg = Debug|Win32
		{7B2B8244-F2F3-4C7F-BADC-F5976450540F}.Debug|x86.Build.0 = Debug|Win32
		{7B2B8244-F2F3-4C7F-BADC-F5976450540F}.Release|x64.ActiveCfg = Release|x64
		{7B2B8244-F2F3-4C7F-BADC-F5976450540F}.Release|x64.Build.0 = Release|x64
		{7B2B8244-F2F3-4C7F-BADC-F5976450540F}.Release|x86.ActiveCfg = Release|Win32
		{7B2B8244-F2F3-4C7F-BADC-F5976450540F}.Release|x86.Build.0 = Release|Win32
		{27FDEBC8-D2E7-4A71-8228-1B4D0F33B5A5}.Debug|x64.ActiveCfg = Debug|x64
		{27FDEBC8-D2E7-4A71-8228-1B4D0F33B5A5}.Debug|x64.Build.0 = Debug|x64
		{27FDEBC8-D2E7-4A71-8228-1B4D0F33B5A5}.Debug|x86.ActiveCfg = Debug|Win32
		{27FDEBC8-D2E7-4A71-8228-1B4D0F33B5A5}.Debug|x86.Build.0 = Debug|Win32
		{27FDEBC8-D2E7-4A71-8228-1B4D0F33B5A5}.Release|x64.ActiveCfg = Release|x64
		{27FDEBC8-D2E7-4A71-8228-1B4D0F33B5A5}.Release|x64.Build.0 = Release|x64
		{27FDEBC8-D2E7-4A71-8228-1B4D0F33B5A5}.Release|x86.ActiveCfg = Release|Win32
		{27FDEBC8-D2E7-4A71-8228-1B4D0F33B5A5}.Release|x86.Build.0 = Release|Win32
		{47D76B20-7111-4219-8E3B-3472BE50BF7D}.Debug|x64.ActiveCfg = Debug|x64
		{47D76B20-7111-4219-8E3B-3472BE50BF7D}.Debug|x64.Build.0 = Debug|x64
		{47D76B20-7111-4219-8E3B-3472BE50BF7D}.Debug|x86.ActiveCfg = Debug|Win32
		{47D76B20-7111-4219-8E3B-3472BE50BF7D}.Debug|x86.Build.0 = Debug|Win32
		{47D76B20-7111-4219-8E3B-3472BE50BF7D}.Release|x64.ActiveCfg = Release|x64
		{47D76B20-7111-4219-8E3B-3472BE50BF7D}.Release|x64.Build.0 = Release|x64
		{47D76B20-7111-4219-8E3B-3472BE50BF7D}.Release|x86.ActiveCfg = Release|Win32
		{47D76B20-7111-4219-8E3B-3472BE50BF7D}.Release|x86.Build.0 = Release|Win32
		{632FEBDB-0517-4EEB-90A7-B014B8EEE2E2}.Debug|x64.ActiveCfg = Debug|x64
		{632FEBDB-0517-4EEB-90A7-B014B8EEE2E2}.Debug|x64.Build.0 = Debug|x64
		{632FEBDB-0517-4EEB-90A7-B014B8EEE2E2}.Debug|x86.ActiveCfg = Debug|Win32
		{632FEBDB-0517-4EEB-90A7-B014B8EEE2E2}.Debug|x86.Build.0 = Debug|Win32
		{632FEBDB-0517-4EEB-90A7-B014B8EEE2E2}.Release|x64.ActiveCfg = Release|x64
		{632FEBDB-0517-4EEB-90A7-B014B8EEE2E2}.Release|x64.Build.0 = Release|x64
		{632FEBDB-0517-4EEB-90A7-B014B8EEE2E2}.Release|x86.ActiveCfg = Release|Win32
		{632FEBDB-0517-4EEB-90A7-B014B8EEE2E2}.Release|x86.Build.0 = Release|Win32
		{457633D0-4F04-4D9B-A9FE-8A6665599DA2}.Debug|x64.ActiveCfg = Debug|x64
		{457633D0-4F04-4D9B-A9FE-8A6665599DA2}.Debug|x64.Build.0 = Debug|x64
		{457633D0-4F04-4D9B-A9FE-8A6665599DA2}.Debug|x86.ActiveCfg = Debug|Win32
		{457633D0-4F04-4D9B-A9FE-8A6665599DA2}.Debug|x86.Build.0 = Debug|Win32
		{457633D0-4F04-4D9B-A9FE-8A6665599DA2}.Release|x64.ActiveCfg = Release|x64
		{457633D0-4F04-4D9B-A9FE-8A6665599DA2}.Release|x64.Build.0 = Release|x64
		{457633D0-4F04-4D9B-A9FE-8A6665599DA2}.Release|x86.ActiveCfg = Release|Win32
		{457633D0-4F04-4D9B-A9FE-8A6665599DA2}.Release|x86.Build.0 = Release|Win32
		{5FA08003-6359-4B32-8903-5FC391E2EAC2}.Debug|x64.ActiveCfg = Debug|x64
		{5FA08003-6359-4B32-8903-5FC391E2EAC2}.Debug|x64.Build.0 = Debug|x64
		{5FA08003-6359-4B32-8903-5FC391E2EAC2}.Debug|x86.ActiveCfg = Debug|Win32
		{5FA08003-6359-4B32-8903-5FC391E2EAC2}.Debug|x86.Build.0 = Debug|Win32
		{5FA08003-6359-4B32-8903-5FC391E2EAC2}.Release|x64.ActiveCfg = Release|x64
		{5FA08003-6359-4B32-8903-5FC391E2EAC2}.Release|x64.Build.0 = Release|x64
		{5FA08003-6359-4B32-8903-5FC391E2EAC2}.Release|x86.ActiveCfg = Release|Win32
		{5FA08003-6359-4B32-8903-5FC391E2EAC2}.Release|x86.Build.0 = Release|Win32
		{9CF15499-C80C-45EE-918A-CFD2AED7FD14}.Debug|x64.ActiveCfg = Debug|x64
		{9CF15499-C80C-45EE-918A-CFD2AED7FD14}.Debug|x64.Build.0 = Debug|x64
		{9CF15499-C80C-45EE-918A-CFD2AED7FD14}.Debug|x86.ActiveCfg = Debug|Win32
		{9CF15499-C80C-45EE-918A-CFD2AED7FD14}.Debug|x86.Build.0 = Debug|Win32
		{9CF15499-C80C-45EE-918A-CFD2AED7FD14}.Release|x64.ActiveCfg = Release|x64
		{9CF15499-C80C-45EE-918A-CFD2AED7FD14}.Release|x64.Build.0 = Release|x64
		{9CF15499-C80C-45EE-918A-CFD2AED7FD14}.Release|x86.ActiveCfg = Release|Win32
		{9CF15499-C80C-45EE-918A-CFD2AED7FD14}.Release|x86.Build.0 = Release|Win32
		{0F703F9D-C67D-42F2-B788-1B2FB2AACE8F}.Debug|x64.ActiveCfg = Debug|x64
		{0F703F9D-C67D-42F2-B788-1B2FB2AACE8F}.Debug|x64.Build.0 = Debug|x64
		{0F703F9D-C67D-42F2-B788-1B2FB2AACE8F}.Debug|x86.ActiveCfg = Debug|Win32
		{0F703F9D-C67D-42F2-B788-1B2FB2AACE8F}.Debug|x86.Build.0 = Debug|Win32
		{0F703F9D-C67D-42F2-B788-1B2FB2AACE8F}.Release|x64.ActiveCfg = Release|x64
		{0F703F9D-C67D-42F2-B788-1B2FB2AACE8F}.Release|x64.Build.0 = Release|x64
		{0F703F9D-C67D-42F2-B788-1B2FB2AACE8F}.Release|x86.ActiveCfg = Release|Win32
		{0F703F9D-C67D-42F2-B788-1B2FB2AACE8F}.Release|x86.Build.0 = Release|Win32
		{AB02B390-167E-4E96-A068-20AB255EA5D9}.Debug|x64.ActiveCfg = Debug|x64
		{AB02B390-167E-4E96-A068-20AB255EA5D9}.Debug|x64.Build.0 = Debug|x64
		{AB02B390-167E-4E96-A068-20AB255EA5D9}.Debug|x86.ActiveCfg = Debug|Win32
		{AB02B390-167E-4E96-A068-20AB255EA5D9}.Debug|x86.Build.0 = Debug|Win32
		{AB02B390-167E-4E96-A068-20AB255EA5D9}.Release|x64.ActiveCfg = Release|x64
		{AB02B390-167E-4E96-A068-20AB255EA5D9}.Release|x64.Build.0 = Release|x64
		{AB02B390-167E-4E96-A068-20AB255EA5D9}.Release|x86.ActiveCfg = Release|Win32
		{AB02B390-167E-4E96-A068-20AB255EA5D9}.Release|x86.Build.0 = Release|Win32
		{63E4693D-BFBD-41C9-9F42-F8D763066D5E}.Debug|x64.ActiveCfg = Debug|x64
		{63E4693D-BFBD-41C9-9F42-F8D763066D5E}.Debug|x64.Build.0 = Debug|x64
		{63E4693D-BFBD-41C9-9F42-F8D763066D5E}.Debug|x86.ActiveCfg = Debug|Win32
		{63E4693D-BFBD-41C9-9F42-F8D763066D5E}.Debug|x86.Build.0 = Debug|Win32
		{63E4693D-BFBD-41C9-9F42-F8D763066D5E}.Release|x64.ActiveCfg = Release|x64
		{63E4693D-BFBD-41C9-9F42-F8D763066D5E}.Release|x64.Build.0 = Release|x64
		{63E4693D-BFBD-41C9-9F42-F8D763066D5E}.Release|x86.ActiveCfg = Release|Win32
		{63E4693D-BFBD-41C9-9F42-F8D763066D5E}.Release|x86.Build.0 = Release|Win32
		{6B437190-79B5-44F7-8803-FB14CE73AC90}.Debug|x64.ActiveCfg = Debug|x64
		{6B437190-79B5-44F7-8803-FB14CE73AC90}.Debug|x64.Build.0 = Debug|x64
		{6B437190-79B5-44F7-8803-FB14CE73AC90}.Debug|x86.ActiveCfg = Debug|Win32
		{6B437190-79B5-44F7-8803-FB14CE73AC90}.Debug|x86.Build.0 = Debug|Win32
		{6B437190-79B5-44F7-8803-FB14CE73AC90}.Release|x64.ActiveCfg = Release|x64
		{6B437190-79B5-44F7-8803-FB14CE73AC90}.Release|x64.Build.0 = Release|x64
		{6B437190-79B5-44F7-8803-FB14CE73AC90}.Release|x86.ActiveCfg = Release|Win32
		{6B437190-79B5-44F7-8803-FB14CE73AC90}.Release|x86.Build.0 = Release|Win32
		{5A265239-BA66-4B10-B0C0-F1F0394646F7}.Debug|x64.ActiveCfg = Debug|x64
		{5A265239-BA66-4B10-B0C0-F1F0394646F7}.Debug|x64.Build.0 = Debug|x64
		{5A265239-BA66-4B10-B0C0-F1F0394646F7}.Debug|x86.ActiveCfg = Debug|Win32
		{5A265239-BA66-4B10-B0C0-F1F0394646F7}.Debug|x86.Build.0 = Debug|Win32
		{5A265239-BA66-4B10-B0C0-F1F0394646F7}.Release|x64.ActiveCfg = Release|x64
		{5A265239-BA66-4B10-B0C0-F1F0394646F7}.Release|x64.Build.0 = Release|x64
		{5A265239-BA66-4B10-B0C0-F1F0394646F7}.Release|x86.ActiveCfg = Release|Win32
		{5A265239-BA66-4B10-B0C0-F1F0394646F7}.Release|x86.Build.0 = Release|Win32
		{8CD71DFE-22C9-4588-A1C1-F6E1CEF81CEB}.Debug|x64.ActiveCfg = Debug|x64
		{8CD71DFE-22C9-4588-A1C1-F6E1CEF81CEB}.Debug|x64.Build.0 = Debug|x64
		{8CD71DFE-22C9-4588-A1C1-F6E1CEF81CEB}.Debug|x86.ActiveCfg = Debug|Win32
		{8CD71DFE-22C9-4588-A1C1-F6E1CEF81CEB}.Debug|x86.Build.0 = Debug|Win32
		{8CD71DFE-22C9-4588-A1C1-F6E1CEF81CEB}.Release|x64.ActiveCfg = Release|x64
		{8CD71DFE-22C9-4588-A1C1-F6E1CEF81CEB}.Release|x64.Build.0 = Release|x64
		{8CD71DFE-22C9-4588-A1C1-F6E1CEF81CEB}.Release|x86.ActiveCfg = Release|Win32
		{8CD71DFE-22C9-4588-A1C1-F6E1CEF81CEB}.Release|x86.Build.0 = Release|Win32
		{7348F22D-8F3B-43D0-A66C-5FB04D091330}.Debug|x64.ActiveCfg = Debug|x64
		{7348F22D-8F3B-43D0-A66C-5FB04D091330}.Debug|x64.Build.0 = Debug|x64
		{7348F22D-8F3B-43D0-A66C-5FB04D091330}.Debug|x86.ActiveCfg = Debug|Win32
		{7348F22D-8F3B-43D0-A66C-5FB04D091330}.Debug|x86.Build.0 = Debug|Win32
		{7348F22D-8F3B-43D0-A66C-5FB04D091330}.Release|x64.ActiveCfg = Release|x64
		{7348F22D-8F3B-43D0-A66C-5FB04D091330}.Release|x64.Build.0 = Release|x64
		{7348F22D-8F3B-43D0-A66C-5FB04D091330}.Release|x86.ActiveCfg = Release|Win32
		{7348F22D-8F3B-43D0-A66C-5FB04D091330}.Release|x86.Build.0 = Release|Win32
		{7AC8AE66-19EC-4798-8999-B6991401A7A2}.Debug|x64.ActiveCfg = Debug|x64
		{7AC8AE66-19EC-4798-8999-B6991401A7A2}.Debug|x64.Build.0 = Debug|x64
		{7AC8AE66-19EC-4798-8999-B6991401A7A2}.Debug|x86.ActiveCfg = Debug|Win32
		{7AC8AE66-19EC-4798-8999-B6991401A7A2}.Debug|x86.Build.0 = Debug|Win32
		{7AC8AE66-19EC-4798-8999-B6991401A7A2}.Release|x64.ActiveCfg = Release|x64
		{7AC8AE66-19EC-4798-8999-B6991401A7A2}.Release|x64.Build.0 = Release|x64
		{7AC8AE66-19EC-4798-8999-B6991401A7A2}.Release|x86.ActiveCfg = Release|Win32
		{7AC8AE66-19EC-4798-8999-B6991401A7A2}.Release|x86.Build.0 = Release|Win32
		{4B4811A5-6052-4D01-959F-03F22B0F359B}.Debug|x64.ActiveCfg = Debug|x64
		{4B4811A5-6052-4D01-959F-03F22B0F359B}.Debug|x64.Build.0 = Debug|x64
		{4B4811A5-6052-4D01-959F-03F22B0F359B}.Debug|x86.ActiveCfg = Debug|Win32
		{4B4811A5-6052-4D01-959F-03F22B0F359B}.Debug|x86.Build.0 = Debug|Win32
		{4B4811A5-6052-4D01-959F-03F22B0F359B}.Release|x64.ActiveCfg = Release|x64
		{4B4811A5-6052-4D01-959F-03F22B0F359B}.Release|x64.Build.0 = Release|x64
		{4B4811A5-6052-4D01-959F-03F22B0F359B}.Release|x86.ActiveCfg = Release|Win32
		{4B4811A5-6052-4D01-959F-03F22B0F359B}.Release|x86.Build.0 = Release|Win32
	EndGlobalSection
	GlobalSection(SolutionProperties) = preSolution
		HideSolutionNode = FALSE
	EndGlobalSection
	GlobalSection(ExtensibilityGlobals) = postSolution
		SolutionGuid = {8F422FAA-5215-47D1-AB40-5EA30998461D}
	EndGlobalSection
EndGlobal
