
Microsoft Visual Studio Solution File, Format Version 12.00
# Visual Studio Version 16
VisualStudioVersion = 16.0.30621.155
MinimumVisualStudioVersion = 10.0.40219.1
Project("{8BC9CEB8-8B4A-11D0-8D11-00A0C91BC942}") = "C-Begins", "C-Begins\C-Begins.vcxproj", "{397A78ED-2CF5-4CBE-A9E1-C8DB9EBFF36A}"
EndProject
Global
	GlobalSection(SolutionConfigurationPlatforms) = preSolution
		Debug|x64 = Debug|x64
		Debug|x86 = Debug|x86
		Release|x64 = Release|x64
		Release|x86 = Release|x86
	EndGlobalSection
	GlobalSection(ProjectConfigurationPlatforms) = postSolution
		{397A78ED-2CF5-4CBE-A9E1-C8DB9EBFF36A}.Debug|x64.ActiveCfg = Debug|x64
		{397A78ED-2CF5-4CBE-A9E1-C8DB9EBFF36A}.Debug|x64.Build.0 = Debug|x64
		{397A78ED-2CF5-4CBE-A9E1-C8DB9EBFF36A}.Debug|x86.ActiveCfg = Debug|Win32
		{397A78ED-2CF5-4CBE-A9E1-C8DB9EBFF36A}.Debug|x86.Build.0 = Debug|Win32
		{397A78ED-2CF5-4CBE-A9E1-C8DB9EBFF36A}.Release|x64.ActiveCfg = Release|x64
		{397A78ED-2CF5-4CBE-A9E1-C8DB9EBFF36A}.Release|x64.Build.0 = Release|x64
		{397A78ED-2CF5-4CBE-A9E1-C8DB9EBFF36A}.Release|x86.ActiveCfg = Release|Win32
		{397A78ED-2CF5-4CBE-A9E1-C8DB9EBFF36A}.Release|x86.Build.0 = Release|Win32
	EndGlobalSection
	GlobalSection(SolutionProperties) = preSolution
		HideSolutionNode = FALSE
	EndGlobalSection
	GlobalSection(ExtensibilityGlobals) = postSolution
		SolutionGuid = {19A2F912-4737-4BAE-A3A4-898941EE6005}
	EndGlobalSection
EndGlobal
