
Microsoft Visual Studio Solution File, Format Version 12.00
# Visual Studio Version 16
VisualStudioVersion = 16.0.28803.202
MinimumVisualStudioVersion = 10.0.40219.1
Project("{8BC9CEB8-8B4A-11D0-8D11-00A0C91BC942}") = "Debug_example1", "Debug_example1\Debug_example1.vcxproj", "{13A16255-9C7E-4B7F-B122-2B9CAE357086}"
EndProject
Project("{8BC9CEB8-8B4A-11D0-8D11-00A0C91BC942}") = "Debug_example2", "Debug_example2\Debug_example2.vcxproj", "{C6E7B221-AF54-47E5-B7BF-686BC870C12B}"
EndProject
Global
	GlobalSection(SolutionConfigurationPlatforms) = preSolution
		Debug|x64 = Debug|x64
		Debug|x86 = Debug|x86
		Release|x64 = Release|x64
		Release|x86 = Release|x86
	EndGlobalSection
	GlobalSection(ProjectConfigurationPlatforms) = postSolution
		{13A16255-9C7E-4B7F-B122-2B9CAE357086}.Debug|x64.ActiveCfg = Debug|x64
		{13A16255-9C7E-4B7F-B122-2B9CAE357086}.Debug|x64.Build.0 = Debug|x64
		{13A16255-9C7E-4B7F-B122-2B9CAE357086}.Debug|x86.ActiveCfg = Debug|Win32
		{13A16255-9C7E-4B7F-B122-2B9CAE357086}.Debug|x86.Build.0 = Debug|Win32
		{13A16255-9C7E-4B7F-B122-2B9CAE357086}.Release|x64.ActiveCfg = Release|x64
		{13A16255-9C7E-4B7F-B122-2B9CAE357086}.Release|x64.Build.0 = Release|x64
		{13A16255-9C7E-4B7F-B122-2B9CAE357086}.Release|x86.ActiveCfg = Release|Win32
		{13A16255-9C7E-4B7F-B122-2B9CAE357086}.Release|x86.Build.0 = Release|Win32
		{C6E7B221-AF54-47E5-B7BF-686BC870C12B}.Debug|x64.ActiveCfg = Debug|x64
		{C6E7B221-AF54-47E5-B7BF-686BC870C12B}.Debug|x64.Build.0 = Debug|x64
		{C6E7B221-AF54-47E5-B7BF-686BC870C12B}.Debug|x86.ActiveCfg = Debug|Win32
		{C6E7B221-AF54-47E5-B7BF-686BC870C12B}.Debug|x86.Build.0 = Debug|Win32
		{C6E7B221-AF54-47E5-B7BF-686BC870C12B}.Release|x64.ActiveCfg = Release|x64
		{C6E7B221-AF54-47E5-B7BF-686BC870C12B}.Release|x64.Build.0 = Release|x64
		{C6E7B221-AF54-47E5-B7BF-686BC870C12B}.Release|x86.ActiveCfg = Release|Win32
		{C6E7B221-AF54-47E5-B7BF-686BC870C12B}.Release|x86.Build.0 = Release|Win32
	EndGlobalSection
	GlobalSection(SolutionProperties) = preSolution
		HideSolutionNode = FALSE
	EndGlobalSection
	GlobalSection(ExtensibilityGlobals) = postSolution
		SolutionGuid = {96F5A5C5-E3EF-4C66-82E4-285CC519A481}
	EndGlobalSection
EndGlobal
